{
  "name": "crypo_wallet",
  "version": "1.0.0",
  "lockfileVersion": 1,
  "requires": true,
  "dependencies": {
    "bootstrap": {
      "version": "4.4.1",
      "resolved": "https://registry.npmjs.org/bootstrap/-/bootstrap-4.4.1.tgz",
      "integrity": "sha512-tbx5cHubwE6e2ZG7nqM3g/FZ5PQEDMWmMGNrCUBVRPHXTJaH7CBDdsLeu3eCh3B1tzAxTnAbtmrzvWEvT2NNEA=="
    },
    "jquery": {
      "version": "3.5.0",
      "resolved": "https://registry.npmjs.org/jquery/-/jquery-3.5.0.tgz",
      "integrity": "sha512-Xb7SVYMvygPxbFMpTFQiHh1J7HClEaThguL15N/Gg37Lri/qKyhRGZYzHRyLH8Stq3Aow0LsHO2O2ci86fCrNQ=="
    },
    "notify-js-legacy": {
      "version": "0.4.1",
      "resolved": "https://registry.npmjs.org/notify-js-legacy/-/notify-js-legacy-0.4.1.tgz",
      "integrity": "sha1-2M06A6Ft5QGLRp7VePnNCl2Yr6c="
    },
    "popper.js": {
      "version": "1.16.1",
      "resolved": "https://registry.npmjs.org/popper.js/-/popper.js-1.16.1.tgz",
      "integrity": "sha512-Wb4p1J4zyFTbM+u6WuO4XstYx4Ky9Cewe4DWrel7B0w6VVICvPwdOpotjzcf6eD8TsckVnIMNONQyPIUFOUbCQ=="
    },
    "yarn": {
      "version": "1.16.0",
      "resolved": "https://registry.npmjs.org/yarn/-/yarn-1.16.0.tgz",
      "integrity": "sha512-cfemyGlnWKA1zopUUgebTPf8C4WkPIZ+TJmklwcEAJ4u6oWPtJeAzrsamaGGh/+b1XWe8W51yzAImC4AWbWR1g=="
    }
  }
}
